
Microsoft Visual Studio Solution File, Format Version 12.00
# Visual Studio Version 17
VisualStudioVersion = 17.7.34031.279
MinimumVisualStudioVersion = 10.0.40219.1
Project("{FAE04EC0-301F-11D3-BF4B-00C04F79EFBC}") = "ProyectoErik2023", "ProyectoErik2023\ProyectoErik2023.csproj", "{F947300A-9167-40A1-8500-33EBB5669399}"
EndProject
Global
	GlobalSection(SolutionConfigurationPlatforms) = preSolution
		Debug|Any CPU = Debug|Any CPU
		Release|Any CPU = Release|Any CPU
	EndGlobalSection
	GlobalSection(ProjectConfigurationPlatforms) = postSolution
		{F947300A-9167-40A1-8500-33EBB5669399}.Debug|Any CPU.ActiveCfg = Debug|Any CPU
		{F947300A-9167-40A1-8500-33EBB5669399}.Debug|Any CPU.Build.0 = Debug|Any CPU
		{F947300A-9167-40A1-8500-33EBB5669399}.Release|Any CPU.ActiveCfg = Release|Any CPU
		{F947300A-9167-40A1-8500-33EBB5669399}.Release|Any CPU.Build.0 = Release|Any CPU
	EndGlobalSection
	GlobalSection(SolutionProperties) = preSolution
		HideSolutionNode = FALSE
	EndGlobalSection
	GlobalSection(ExtensibilityGlobals) = postSolution
		SolutionGuid = {767AAAA8-3CDE-415F-A104-CD8BE5BA4637}
	EndGlobalSection
EndGlobal
